// !$*UTF8*$!
{
	archiveVersion = 1;
	classes = {
	};
	objectVersion = 55;
	objects = {

/* Begin PBXBuildFile section */
		0540C2D3293661730002595F /* Blob.swift in Sources */ = {isa = PBXBuildFile; fileRef = 0540C2D2293661730002595F /* Blob.swift */; };
		0540C2EB293F8E4C0002595F /* SelectBlobView.swift in Sources */ = {isa = PBXBuildFile; fileRef = 0540C2EA293F8E4C0002595F /* SelectBlobView.swift */; };
		0540C2ED29427DA00002595F /* ExamDates.swift in Sources */ = {isa = PBXBuildFile; fileRef = 0540C2EC29427DA00002595F /* ExamDates.swift */; };
		05E060302921C1DD00CAEA68 /* FlashcardsView.swift in Sources */ = {isa = PBXBuildFile; fileRef = 05E0602E2921C1DD00CAEA68 /* FlashcardsView.swift */; };
		05E060312921C1DD00CAEA68 /* MainBlobView.swift in Sources */ = {isa = PBXBuildFile; fileRef = 05E0602F2921C1DD00CAEA68 /* MainBlobView.swift */; };
		05E060332921C1F100CAEA68 /* ViewModel.swift in Sources */ = {isa = PBXBuildFile; fileRef = 05E060322921C1F100CAEA68 /* ViewModel.swift */; };
		05E060352921C20400CAEA68 /* Deck.swift in Sources */ = {isa = PBXBuildFile; fileRef = 05E060342921C20400CAEA68 /* Deck.swift */; };
		05E060372921C22D00CAEA68 /* FFFFORWA.TTF in Resources */ = {isa = PBXBuildFile; fileRef = 05E060362921C22D00CAEA68 /* FFFFORWA.TTF */; };
		05E752872922DED9003D2107 /* StudyTimeView.swift in Sources */ = {isa = PBXBuildFile; fileRef = 05E752862922DED9003D2107 /* StudyTimeView.swift */; };
		05E75289292305F7003D2107 /* UnlockablesView.swift in Sources */ = {isa = PBXBuildFile; fileRef = 05E75288292305F7003D2107 /* UnlockablesView.swift */; };
		05E7528B29230C18003D2107 /* Unlockable.swift in Sources */ = {isa = PBXBuildFile; fileRef = 05E7528A29230C18003D2107 /* Unlockable.swift */; };
		05E7528D2923370B003D2107 /* Note.swift in Sources */ = {isa = PBXBuildFile; fileRef = 05E7528C2923370B003D2107 /* Note.swift */; };
		D40C711929217A0C00E49F63 /* BenkyoBlobApp.swift in Sources */ = {isa = PBXBuildFile; fileRef = D40C711829217A0C00E49F63 /* BenkyoBlobApp.swift */; };
		D40C711B29217A0C00E49F63 /* ContentView.swift in Sources */ = {isa = PBXBuildFile; fileRef = D40C711A29217A0C00E49F63 /* ContentView.swift */; };
		D40C711D29217A1200E49F63 /* Assets.xcassets in Resources */ = {isa = PBXBuildFile; fileRef = D40C711C29217A1200E49F63 /* Assets.xcassets */; };
		D40C712029217A1200E49F63 /* Preview Assets.xcassets in Resources */ = {isa = PBXBuildFile; fileRef = D40C711F29217A1200E49F63 /* Preview Assets.xcassets */; };
		D46CAC292922F891001D9D24 /* QuizesView.swift in Sources */ = {isa = PBXBuildFile; fileRef = D46CAC282922F891001D9D24 /* QuizesView.swift */; };
		D46CAC2B2922F8F4001D9D24 /* Quiz.swift in Sources */ = {isa = PBXBuildFile; fileRef = D46CAC2A2922F8F4001D9D24 /* Quiz.swift */; };
		D46CAC2D292475F7001D9D24 /* TheCalendarView.swift in Sources */ = {isa = PBXBuildFile; fileRef = D46CAC2C292475F7001D9D24 /* TheCalendarView.swift */; };
		D495815529428C4D00BA350C /* AllData.swift in Sources */ = {isa = PBXBuildFile; fileRef = D495815429428C4D00BA350C /* AllData.swift */; };
		D495815729428E0F00BA350C /* benkyo.json in Resources */ = {isa = PBXBuildFile; fileRef = D495815629428E0F00BA350C /* benkyo.json */; };
/* End PBXBuildFile section */

/* Begin PBXFileReference section */
		0540C2D2293661730002595F /* Blob.swift */ = {isa = PBXFileReference; lastKnownFileType = sourcecode.swift; path = Blob.swift; sourceTree = "<group>"; };
		0540C2EA293F8E4C0002595F /* SelectBlobView.swift */ = {isa = PBXFileReference; lastKnownFileType = sourcecode.swift; path = SelectBlobView.swift; sourceTree = "<group>"; };
		0540C2EC29427DA00002595F /* ExamDates.swift */ = {isa = PBXFileReference; lastKnownFileType = sourcecode.swift; path = ExamDates.swift; sourceTree = "<group>"; };
		05E0602E2921C1DD00CAEA68 /* FlashcardsView.swift */ = {isa = PBXFileReference; fileEncoding = 4; lastKnownFileType = sourcecode.swift; path = FlashcardsView.swift; sourceTree = "<group>"; };
		05E0602F2921C1DD00CAEA68 /* MainBlobView.swift */ = {isa = PBXFileReference; fileEncoding = 4; lastKnownFileType = sourcecode.swift; path = MainBlobView.swift; sourceTree = "<group>"; };
		05E060322921C1F100CAEA68 /* ViewModel.swift */ = {isa = PBXFileReference; fileEncoding = 4; lastKnownFileType = sourcecode.swift; path = ViewModel.swift; sourceTree = "<group>"; };
		05E060342921C20400CAEA68 /* Deck.swift */ = {isa = PBXFileReference; fileEncoding = 4; lastKnownFileType = sourcecode.swift; path = Deck.swift; sourceTree = "<group>"; };
		05E060362921C22D00CAEA68 /* FFFFORWA.TTF */ = {isa = PBXFileReference; lastKnownFileType = file; path = FFFFORWA.TTF; sourceTree = "<group>"; };
		05E060382921C27900CAEA68 /* Info.plist */ = {isa = PBXFileReference; lastKnownFileType = text.plist; path = Info.plist; sourceTree = "<group>"; };
		05E752862922DED9003D2107 /* StudyTimeView.swift */ = {isa = PBXFileReference; lastKnownFileType = sourcecode.swift; path = StudyTimeView.swift; sourceTree = "<group>"; };
		05E75288292305F7003D2107 /* UnlockablesView.swift */ = {isa = PBXFileReference; lastKnownFileType = sourcecode.swift; path = UnlockablesView.swift; sourceTree = "<group>"; };
		05E7528A29230C18003D2107 /* Unlockable.swift */ = {isa = PBXFileReference; lastKnownFileType = sourcecode.swift; path = Unlockable.swift; sourceTree = "<group>"; };
		05E7528C2923370B003D2107 /* Note.swift */ = {isa = PBXFileReference; lastKnownFileType = sourcecode.swift; path = Note.swift; sourceTree = "<group>"; };
		D40C711529217A0C00E49F63 /* BenkyoBlob.app */ = {isa = PBXFileReference; explicitFileType = wrapper.application; includeInIndex = 0; path = BenkyoBlob.app; sourceTree = BUILT_PRODUCTS_DIR; };
		D40C711829217A0C00E49F63 /* BenkyoBlobApp.swift */ = {isa = PBXFileReference; lastKnownFileType = sourcecode.swift; path = BenkyoBlobApp.swift; sourceTree = "<group>"; };
		D40C711A29217A0C00E49F63 /* ContentView.swift */ = {isa = PBXFileReference; lastKnownFileType = sourcecode.swift; path = ContentView.swift; sourceTree = "<group>"; };
		D40C711C29217A1200E49F63 /* Assets.xcassets */ = {isa = PBXFileReference; lastKnownFileType = folder.assetcatalog; path = Assets.xcassets; sourceTree = "<group>"; };
		D40C711F29217A1200E49F63 /* Preview Assets.xcassets */ = {isa = PBXFileReference; lastKnownFileType = folder.assetcatalog; path = "Preview Assets.xcassets"; sourceTree = "<group>"; };
		D46CAC282922F891001D9D24 /* QuizesView.swift */ = {isa = PBXFileReference; lastKnownFileType = sourcecode.swift; path = QuizesView.swift; sourceTree = "<group>"; };
		D46CAC2A2922F8F4001D9D24 /* Quiz.swift */ = {isa = PBXFileReference; lastKnownFileType = sourcecode.swift; path = Quiz.swift; sourceTree = "<group>"; };
		D46CAC2C292475F7001D9D24 /* TheCalendarView.swift */ = {isa = PBXFileReference; lastKnownFileType = sourcecode.swift; path = TheCalendarView.swift; sourceTree = "<group>"; };
		D495815429428C4D00BA350C /* AllData.swift */ = {isa = PBXFileReference; lastKnownFileType = sourcecode.swift; path = AllData.swift; sourceTree = "<group>"; };
		D495815629428E0F00BA350C /* benkyo.json */ = {isa = PBXFileReference; lastKnownFileType = text.json; path = benkyo.json; sourceTree = "<group>"; };
/* End PBXFileReference section */

/* Begin PBXFrameworksBuildPhase section */
		D40C711229217A0C00E49F63 /* Frameworks */ = {
			isa = PBXFrameworksBuildPhase;
			buildActionMask = 2147483647;
			files = (
			);
			runOnlyForDeploymentPostprocessing = 0;
		};
/* End PBXFrameworksBuildPhase section */

/* Begin PBXGroup section */
		D40C710C29217A0C00E49F63 = {
			isa = PBXGroup;
			children = (
				05E060362921C22D00CAEA68 /* FFFFORWA.TTF */,
				D40C711729217A0C00E49F63 /* BenkyoBlob */,
				D40C711629217A0C00E49F63 /* Products */,
			);
			sourceTree = "<group>";
		};
		D40C711629217A0C00E49F63 /* Products */ = {
			isa = PBXGroup;
			children = (
				D40C711529217A0C00E49F63 /* BenkyoBlob.app */,
			);
			name = Products;
			sourceTree = "<group>";
		};
		D40C711729217A0C00E49F63 /* BenkyoBlob */ = {
			isa = PBXGroup;
			children = (
				05E060382921C27900CAEA68 /* Info.plist */,
				D40C712829217C1000E49F63 /* Models */,
				D40C712729217C0900E49F63 /* ViewModels */,
				D40C712629217C0200E49F63 /* Views */,
				D40C711829217A0C00E49F63 /* BenkyoBlobApp.swift */,
				D40C711C29217A1200E49F63 /* Assets.xcassets */,
				D40C711E29217A1200E49F63 /* Preview Content */,
				D495815629428E0F00BA350C /* benkyo.json */,
			);
			path = BenkyoBlob;
			sourceTree = "<group>";
		};
		D40C711E29217A1200E49F63 /* Preview Content */ = {
			isa = PBXGroup;
			children = (
				D40C711F29217A1200E49F63 /* Preview Assets.xcassets */,
			);
			path = "Preview Content";
			sourceTree = "<group>";
		};
		D40C712629217C0200E49F63 /* Views */ = {
			isa = PBXGroup;
			children = (
				05E0602E2921C1DD00CAEA68 /* FlashcardsView.swift */,
				05E75288292305F7003D2107 /* UnlockablesView.swift */,
				05E752862922DED9003D2107 /* StudyTimeView.swift */,
				05E0602F2921C1DD00CAEA68 /* MainBlobView.swift */,
				D40C711A29217A0C00E49F63 /* ContentView.swift */,
				D46CAC282922F891001D9D24 /* QuizesView.swift */,
				D46CAC2C292475F7001D9D24 /* TheCalendarView.swift */,
				0540C2EA293F8E4C0002595F /* SelectBlobView.swift */,
			);
			path = Views;
			sourceTree = "<group>";
		};
		D40C712729217C0900E49F63 /* ViewModels */ = {
			isa = PBXGroup;
			children = (
				05E060322921C1F100CAEA68 /* ViewModel.swift */,
			);
			path = ViewModels;
			sourceTree = "<group>";
		};
		D40C712829217C1000E49F63 /* Models */ = {
			isa = PBXGroup;
			children = (
				05E060342921C20400CAEA68 /* Deck.swift */,
				05E7528A29230C18003D2107 /* Unlockable.swift */,
				D46CAC2A2922F8F4001D9D24 /* Quiz.swift */,
				05E7528C2923370B003D2107 /* Note.swift */,
				0540C2D2293661730002595F /* Blob.swift */,
				D495815429428C4D00BA350C /* AllData.swift */,
				0540C2EC29427DA00002595F /* ExamDates.swift */,
			);
			path = Models;
			sourceTree = "<group>";
		};
/* End PBXGroup section */

/* Begin PBXNativeTarget section */
		D40C711429217A0C00E49F63 /* BenkyoBlob */ = {
			isa = PBXNativeTarget;
			buildConfigurationList = D40C712329217A1200E49F63 /* Build configuration list for PBXNativeTarget "BenkyoBlob" */;
			buildPhases = (
				D40C711129217A0C00E49F63 /* Sources */,
				D40C711229217A0C00E49F63 /* Frameworks */,
				D40C711329217A0C00E49F63 /* Resources */,
			);
			buildRules = (
			);
			dependencies = (
			);
			name = BenkyoBlob;
			productName = BenkyoBlob;
			productReference = D40C711529217A0C00E49F63 /* BenkyoBlob.app */;
			productType = "com.apple.product-type.application";
		};
/* End PBXNativeTarget section */

/* Begin PBXProject section */
		D40C710D29217A0C00E49F63 /* Project object */ = {
			isa = PBXProject;
			attributes = {
				BuildIndependentTargetsInParallel = 1;
				LastSwiftUpdateCheck = 1340;
				LastUpgradeCheck = 1340;
				TargetAttributes = {
					D40C711429217A0C00E49F63 = {
						CreatedOnToolsVersion = 13.4.1;
					};
				};
			};
			buildConfigurationList = D40C711029217A0C00E49F63 /* Build configuration list for PBXProject "BenkyoBlob" */;
			compatibilityVersion = "Xcode 13.0";
			developmentRegion = en;
			hasScannedForEncodings = 0;
			knownRegions = (
				en,
				Base,
			);
			mainGroup = D40C710C29217A0C00E49F63;
			productRefGroup = D40C711629217A0C00E49F63 /* Products */;
			projectDirPath = "";
			projectRoot = "";
			targets = (
				D40C711429217A0C00E49F63 /* BenkyoBlob */,
			);
		};
/* End PBXProject section */

/* Begin PBXResourcesBuildPhase section */
		D40C711329217A0C00E49F63 /* Resources */ = {
			isa = PBXResourcesBuildPhase;
			buildActionMask = 2147483647;
			files = (
				D40C712029217A1200E49F63 /* Preview Assets.xcassets in Resources */,
				D40C711D29217A1200E49F63 /* Assets.xcassets in Resources */,
				05E060372921C22D00CAEA68 /* FFFFORWA.TTF in Resources */,
				D495815729428E0F00BA350C /* benkyo.json in Resources */,
			);
			runOnlyForDeploymentPostprocessing = 0;
		};
/* End PBXResourcesBuildPhase section */

/* Begin PBXSourcesBuildPhase section */
		D40C711129217A0C00E49F63 /* Sources */ = {
			isa = PBXSourcesBuildPhase;
			buildActionMask = 2147483647;
			files = (
				05E060352921C20400CAEA68 /* Deck.swift in Sources */,
				05E060312921C1DD00CAEA68 /* MainBlobView.swift in Sources */,
				0540C2D3293661730002595F /* Blob.swift in Sources */,
				05E060332921C1F100CAEA68 /* ViewModel.swift in Sources */,
				0540C2EB293F8E4C0002595F /* SelectBlobView.swift in Sources */,
				05E060302921C1DD00CAEA68 /* FlashcardsView.swift in Sources */,
				0540C2ED29427DA00002595F /* ExamDates.swift in Sources */,
				05E75289292305F7003D2107 /* UnlockablesView.swift in Sources */,
				05E7528B29230C18003D2107 /* Unlockable.swift in Sources */,
				D40C711B29217A0C00E49F63 /* ContentView.swift in Sources */,
				D46CAC2D292475F7001D9D24 /* TheCalendarView.swift in Sources */,
				D46CAC292922F891001D9D24 /* QuizesView.swift in Sources */,
				D495815529428C4D00BA350C /* AllData.swift in Sources */,
				05E752872922DED9003D2107 /* StudyTimeView.swift in Sources */,
				D40C711929217A0C00E49F63 /* BenkyoBlobApp.swift in Sources */,
				D46CAC2B2922F8F4001D9D24 /* Quiz.swift in Sources */,
				05E7528D2923370B003D2107 /* Note.swift in Sources */,
			);
			runOnlyForDeploymentPostprocessing = 0;
		};
/* End PBXSourcesBuildPhase section */

/* Begin XCBuildConfiguration section */
		D40C712129217A1200E49F63 /* Debug */ = {
			isa = XCBuildConfiguration;
			buildSettings = {
				ALWAYS_SEARCH_USER_PATHS = NO;
				CLANG_ANALYZER_NONNULL = YES;
				CLANG_ANALYZER_NUMBER_OBJECT_CONVERSION = YES_AGGRESSIVE;
				CLANG_CXX_LANGUAGE_STANDARD = "gnu++17";
				CLANG_ENABLE_MODULES = YES;
				CLANG_ENABLE_OBJC_ARC = YES;
				CLANG_ENABLE_OBJC_WEAK = YES;
				CLANG_WARN_BLOCK_CAPTURE_AUTORELEASING = YES;
				CLANG_WARN_BOOL_CONVERSION = YES;
				CLANG_WARN_COMMA = YES;
				CLANG_WARN_CONSTANT_CONVERSION = YES;
				CLANG_WARN_DEPRECATED_OBJC_IMPLEMENTATIONS = YES;
				CLANG_WARN_DIRECT_OBJC_ISA_USAGE = YES_ERROR;
				CLANG_WARN_DOCUMENTATION_COMMENTS = YES;
				CLANG_WARN_EMPTY_BODY = YES;
				CLANG_WARN_ENUM_CONVERSION = YES;
				CLANG_WARN_INFINITE_RECURSION = YES;
				CLANG_WARN_INT_CONVERSION = YES;
				CLANG_WARN_NON_LITERAL_NULL_CONVERSION = YES;
				CLANG_WARN_OBJC_IMPLICIT_RETAIN_SELF = YES;
				CLANG_WARN_OBJC_LITERAL_CONVERSION = YES;
				CLANG_WARN_OBJC_ROOT_CLASS = YES_ERROR;
				CLANG_WARN_QUOTED_INCLUDE_IN_FRAMEWORK_HEADER = YES;
				CLANG_WARN_RANGE_LOOP_ANALYSIS = YES;
				CLANG_WARN_STRICT_PROTOTYPES = YES;
				CLANG_WARN_SUSPICIOUS_MOVE = YES;
				CLANG_WARN_UNGUARDED_AVAILABILITY = YES_AGGRESSIVE;
				CLANG_WARN_UNREACHABLE_CODE = YES;
				CLANG_WARN__DUPLICATE_METHOD_MATCH = YES;
				COPY_PHASE_STRIP = NO;
				DEBUG_INFORMATION_FORMAT = dwarf;
				ENABLE_STRICT_OBJC_MSGSEND = YES;
				ENABLE_TESTABILITY = YES;
				GCC_C_LANGUAGE_STANDARD = gnu11;
				GCC_DYNAMIC_NO_PIC = NO;
				GCC_NO_COMMON_BLOCKS = YES;
				GCC_OPTIMIZATION_LEVEL = 0;
				GCC_PREPROCESSOR_DEFINITIONS = (
					"DEBUG=1",
					"$(inherited)",
				);
				GCC_WARN_64_TO_32_BIT_CONVERSION = YES;
				GCC_WARN_ABOUT_RETURN_TYPE = YES_ERROR;
				GCC_WARN_UNDECLARED_SELECTOR = YES;
				GCC_WARN_UNINITIALIZED_AUTOS = YES_AGGRESSIVE;
				GCC_WARN_UNUSED_FUNCTION = YES;
				GCC_WARN_UNUSED_VARIABLE = YES;
				IPHONEOS_DEPLOYMENT_TARGET = 15.5;
				MTL_ENABLE_DEBUG_INFO = INCLUDE_SOURCE;
				MTL_FAST_MATH = YES;
				ONLY_ACTIVE_ARCH = YES;
				SDKROOT = iphoneos;
				SWIFT_ACTIVE_COMPILATION_CONDITIONS = DEBUG;
				SWIFT_OPTIMIZATION_LEVEL = "-Onone";
			};
			name = Debug;
		};
		D40C712229217A1200E49F63 /* Release */ = {
			isa = XCBuildConfiguration;
			buildSettings = {
				ALWAYS_SEARCH_USER_PATHS = NO;
				CLANG_ANALYZER_NONNULL = YES;
				CLANG_ANALYZER_NUMBER_OBJECT_CONVERSION = YES_AGGRESSIVE;
				CLANG_CXX_LANGUAGE_STANDARD = "gnu++17";
				CLANG_ENABLE_MODULES = YES;
				CLANG_ENABLE_OBJC_ARC = YES;
				CLANG_ENABLE_OBJC_WEAK = YES;
				CLANG_WARN_BLOCK_CAPTURE_AUTORELEASING = YES;
				CLANG_WARN_BOOL_CONVERSION = YES;
				CLANG_WARN_COMMA = YES;
				CLANG_WARN_CONSTANT_CONVERSION = YES;
				CLANG_WARN_DEPRECATED_OBJC_IMPLEMENTATIONS = YES;
				CLANG_WARN_DIRECT_OBJC_ISA_USAGE = YES_ERROR;
				CLANG_WARN_DOCUMENTATION_COMMENTS = YES;
				CLANG_WARN_EMPTY_BODY = YES;
				CLANG_WARN_ENUM_CONVERSION = YES;
				CLANG_WARN_INFINITE_RECURSION = YES;
				CLANG_WARN_INT_CONVERSION = YES;
				CLANG_WARN_NON_LITERAL_NULL_CONVERSION = YES;
				CLANG_WARN_OBJC_IMPLICIT_RETAIN_SELF = YES;
				CLANG_WARN_OBJC_LITERAL_CONVERSION = YES;
				CLANG_WARN_OBJC_ROOT_CLASS = YES_ERROR;
				CLANG_WARN_QUOTED_INCLUDE_IN_FRAMEWORK_HEADER = YES;
				CLANG_WARN_RANGE_LOOP_ANALYSIS = YES;
				CLANG_WARN_STRICT_PROTOTYPES = YES;
				CLANG_WARN_SUSPICIOUS_MOVE = YES;
				CLANG_WARN_UNGUARDED_AVAILABILITY = YES_AGGRESSIVE;
				CLANG_WARN_UNREACHABLE_CODE = YES;
				CLANG_WARN__DUPLICATE_METHOD_MATCH = YES;
				COPY_PHASE_STRIP = NO;
				DEBUG_INFORMATION_FORMAT = "dwarf-with-dsym";
				ENABLE_NS_ASSERTIONS = NO;
				ENABLE_STRICT_OBJC_MSGSEND = YES;
				GCC_C_LANGUAGE_STANDARD = gnu11;
				GCC_NO_COMMON_BLOCKS = YES;
				GCC_WARN_64_TO_32_BIT_CONVERSION = YES;
				GCC_WARN_ABOUT_RETURN_TYPE = YES_ERROR;
				GCC_WARN_UNDECLARED_SELECTOR = YES;
				GCC_WARN_UNINITIALIZED_AUTOS = YES_AGGRESSIVE;
				GCC_WARN_UNUSED_FUNCTION = YES;
				GCC_WARN_UNUSED_VARIABLE = YES;
				IPHONEOS_DEPLOYMENT_TARGET = 15.5;
				MTL_ENABLE_DEBUG_INFO = NO;
				MTL_FAST_MATH = YES;
				SDKROOT = iphoneos;
				SWIFT_COMPILATION_MODE = wholemodule;
				SWIFT_OPTIMIZATION_LEVEL = "-O";
				VALIDATE_PRODUCT = YES;
			};
			name = Release;
		};
		D40C712429217A1200E49F63 /* Debug */ = {
			isa = XCBuildConfiguration;
			buildSettings = {
				ASSETCATALOG_COMPILER_APPICON_NAME = AppIcon;
				ASSETCATALOG_COMPILER_GLOBAL_ACCENT_COLOR_NAME = AccentColor;
				CODE_SIGN_STYLE = Automatic;
				CURRENT_PROJECT_VERSION = 1;
				DEVELOPMENT_ASSET_PATHS = "\"BenkyoBlob/Preview Content\"";
				ENABLE_PREVIEWS = YES;
				GENERATE_INFOPLIST_FILE = YES;
				INFOPLIST_FILE = BenkyoBlob/Info.plist;
				INFOPLIST_KEY_UIApplicationSceneManifest_Generation = YES;
				INFOPLIST_KEY_UIApplicationSupportsIndirectInputEvents = YES;
				INFOPLIST_KEY_UILaunchScreen_Generation = YES;
				INFOPLIST_KEY_UISupportedInterfaceOrientations_iPad = "UIInterfaceOrientationPortrait UIInterfaceOrientationPortraitUpsideDown UIInterfaceOrientationLandscapeLeft UIInterfaceOrientationLandscapeRight";
				INFOPLIST_KEY_UISupportedInterfaceOrientations_iPhone = "UIInterfaceOrientationPortrait UIInterfaceOrientationLandscapeLeft UIInterfaceOrientationLandscapeRight";
				LD_RUNPATH_SEARCH_PATHS = (
					"$(inherited)",
					"@executable_path/Frameworks",
				);
				MARKETING_VERSION = 1.0;
				PRODUCT_BUNDLE_IDENTIFIER = burke.BenkyoBlob;
				PRODUCT_NAME = "$(TARGET_NAME)";
				SWIFT_EMIT_LOC_STRINGS = YES;
				SWIFT_VERSION = 5.0;
				TARGETED_DEVICE_FAMILY = "1,2";
			};
			name = Debug;
		};
		D40C712529217A1200E49F63 /* Release */ = {
			isa = XCBuildConfiguration;
			buildSettings = {
				ASSETCATALOG_COMPILER_APPICON_NAME = AppIcon;
				ASSETCATALOG_COMPILER_GLOBAL_ACCENT_COLOR_NAME = AccentColor;
				CODE_SIGN_STYLE = Automatic;
				CURRENT_PROJECT_VERSION = 1;
				DEVELOPMENT_ASSET_PATHS = "\"BenkyoBlob/Preview Content\"";
				ENABLE_PREVIEWS = YES;
				GENERATE_INFOPLIST_FILE = YES;
				INFOPLIST_FILE = BenkyoBlob/Info.plist;
				INFOPLIST_KEY_UIApplicationSceneManifest_Generation = YES;
				INFOPLIST_KEY_UIApplicationSupportsIndirectInputEvents = YES;
				INFOPLIST_KEY_UILaunchScreen_Generation = YES;
				INFOPLIST_KEY_UISupportedInterfaceOrientations_iPad = "UIInterfaceOrientationPortrait UIInterfaceOrientationPortraitUpsideDown UIInterfaceOrientationLandscapeLeft UIInterfaceOrientationLandscapeRight";
				INFOPLIST_KEY_UISupportedInterfaceOrientations_iPhone = "UIInterfaceOrientationPortrait UIInterfaceOrientationLandscapeLeft UIInterfaceOrientationLandscapeRight";
				LD_RUNPATH_SEARCH_PATHS = (
					"$(inherited)",
					"@executable_path/Frameworks",
				);
				MARKETING_VERSION = 1.0;
				PRODUCT_BUNDLE_IDENTIFIER = burke.BenkyoBlob;
				PRODUCT_NAME = "$(TARGET_NAME)";
				SWIFT_EMIT_LOC_STRINGS = YES;
				SWIFT_VERSION = 5.0;
				TARGETED_DEVICE_FAMILY = "1,2";
			};
			name = Release;
		};
/* End XCBuildConfiguration section */

/* Begin XCConfigurationList section */
		D40C711029217A0C00E49F63 /* Build configuration list for PBXProject "BenkyoBlob" */ = {
			isa = XCConfigurationList;
			buildConfigurations = (
				D40C712129217A1200E49F63 /* Debug */,
				D40C712229217A1200E49F63 /* Release */,
			);
			defaultConfigurationIsVisible = 0;
			defaultConfigurationName = Release;
		};
		D40C712329217A1200E49F63 /* Build configuration list for PBXNativeTarget "BenkyoBlob" */ = {
			isa = XCConfigurationList;
			buildConfigurations = (
				D40C712429217A1200E49F63 /* Debug */,
				D40C712529217A1200E49F63 /* Release */,
			);
			defaultConfigurationIsVisible = 0;
			defaultConfigurationName = Release;
		};
/* End XCConfigurationList section */
	};
	rootObject = D40C710D29217A0C00E49F63 /* Project object */;
}
